
Microsoft Visual Studio Solution File, Format Version 12.00
# Visual Studio Version 16
VisualStudioVersion = 16.0.30011.22
MinimumVisualStudioVersion = 10.0.40219.1
Project("{FAE04EC0-301F-11D3-BF4B-00C04F79EFBC}") = "ClinicManagement1", "ClinicManagement1\ClinicManagement1.csproj", "{DE3C3064-DE9D-4394-B531-C0DAFC92683E}"
EndProject
Project("{FAE04EC0-301F-11D3-BF4B-00C04F79EFBC}") = "Common", "Common\Common.csproj", "{6F42403B-C908-4C56-A91C-689B75BD147A}"
EndProject
Global
	GlobalSection(SolutionConfigurationPlatforms) = preSolution
		Debug|Any CPU = Debug|Any CPU
		Release|Any CPU = Release|Any CPU
	EndGlobalSection
	GlobalSection(ProjectConfigurationPlatforms) = postSolution
		{DE3C3064-DE9D-4394-B531-C0DAFC92683E}.Debug|Any CPU.ActiveCfg = Debug|Any CPU
		{DE3C3064-DE9D-4394-B531-C0DAFC92683E}.Debug|Any CPU.Build.0 = Debug|Any CPU
		{DE3C3064-DE9D-4394-B531-C0DAFC92683E}.Release|Any CPU.ActiveCfg = Release|Any CPU
		{DE3C3064-DE9D-4394-B531-C0DAFC92683E}.Release|Any CPU.Build.0 = Release|Any CPU
		{6F42403B-C908-4C56-A91C-689B75BD147A}.Debug|Any CPU.ActiveCfg = Debug|Any CPU
		{6F42403B-C908-4C56-A91C-689B75BD147A}.Debug|Any CPU.Build.0 = Debug|Any CPU
		{6F42403B-C908-4C56-A91C-689B75BD147A}.Release|Any CPU.ActiveCfg = Release|Any CPU
		{6F42403B-C908-4C56-A91C-689B75BD147A}.Release|Any CPU.Build.0 = Release|Any CPU
	EndGlobalSection
	GlobalSection(SolutionProperties) = preSolution
		HideSolutionNode = FALSE
	EndGlobalSection
	GlobalSection(ExtensibilityGlobals) = postSolution
		SolutionGuid = {67681D70-B95C-4521-AF36-B143C12887F7}
	EndGlobalSection
EndGlobal
